// !$*UTF8*$!
{
	archiveVersion = 1;
	classes = {
	};
	objectVersion = 50;
	objects = {

/* Begin PBXBuildFile section */
		8C654F7E25FB2BC00079E544 /* FavouritesView.swift in Sources */ = {isa = PBXBuildFile; fileRef = 8C654F7D25FB2BC00079E544 /* FavouritesView.swift */; };
		8C654F8625FB2BF40079E544 /* PendingView.swift in Sources */ = {isa = PBXBuildFile; fileRef = 8C654F8525FB2BF40079E544 /* PendingView.swift */; };
		8C654F8E25FB2C080079E544 /* CompletedView.swift in Sources */ = {isa = PBXBuildFile; fileRef = 8C654F8D25FB2C080079E544 /* CompletedView.swift */; };
		8C654F9625FB2C1E0079E544 /* FavouriteCell.swift in Sources */ = {isa = PBXBuildFile; fileRef = 8C654F9525FB2C1E0079E544 /* FavouriteCell.swift */; };
		8C654F9E25FB2C310079E544 /* PendingCell.swift in Sources */ = {isa = PBXBuildFile; fileRef = 8C654F9D25FB2C310079E544 /* PendingCell.swift */; };
		8C654FA625FB2C550079E544 /* CompletedCell.swift in Sources */ = {isa = PBXBuildFile; fileRef = 8C654FA525FB2C550079E544 /* CompletedCell.swift */; };
		8C90A03725FA2B5D00E0FBBA /* securityView.swift in Sources */ = {isa = PBXBuildFile; fileRef = 8C90A03625FA2B5D00E0FBBA /* securityView.swift */; };
		8C90A03F25FA3A8100E0FBBA /* TaskViewController.swift in Sources */ = {isa = PBXBuildFile; fileRef = 8C90A03E25FA3A8100E0FBBA /* TaskViewController.swift */; };
		8C90A04725FA488C00E0FBBA /* TaskViewCell.swift in Sources */ = {isa = PBXBuildFile; fileRef = 8C90A04625FA488C00E0FBBA /* TaskViewCell.swift */; };
		8CD6E4EE25FB8BAF0033F5D2 /* SettingsViewController.swift in Sources */ = {isa = PBXBuildFile; fileRef = 8CD6E4ED25FB8BAF0033F5D2 /* SettingsViewController.swift */; };
		8CD6E4F625FBA31A0033F5D2 /* setfirstCell.swift in Sources */ = {isa = PBXBuildFile; fileRef = 8CD6E4F525FBA31A0033F5D2 /* setfirstCell.swift */; };
		8CD6E4FB25FBA3590033F5D2 /* setsecondCell.swift in Sources */ = {isa = PBXBuildFile; fileRef = 8CD6E4FA25FBA3590033F5D2 /* setsecondCell.swift */; };
		8CD6E50025FBA39D0033F5D2 /* setthirdCell.swift in Sources */ = {isa = PBXBuildFile; fileRef = 8CD6E4FF25FBA39D0033F5D2 /* setthirdCell.swift */; };
		8CD6E50525FBA3CD0033F5D2 /* setfourthCell.swift in Sources */ = {isa = PBXBuildFile; fileRef = 8CD6E50425FBA3CD0033F5D2 /* setfourthCell.swift */; };
		8CD6E50A25FBA4430033F5D2 /* setfifthCell.swift in Sources */ = {isa = PBXBuildFile; fileRef = 8CD6E50925FBA4430033F5D2 /* setfifthCell.swift */; };
		8CF969C525F921B700F53670 /* AppDelegate.swift in Sources */ = {isa = PBXBuildFile; fileRef = 8CF969C425F921B700F53670 /* AppDelegate.swift */; };
		8CF969C725F921B700F53670 /* SceneDelegate.swift in Sources */ = {isa = PBXBuildFile; fileRef = 8CF969C625F921B700F53670 /* SceneDelegate.swift */; };
		8CF969C925F921B700F53670 /* ViewController.swift in Sources */ = {isa = PBXBuildFile; fileRef = 8CF969C825F921B700F53670 /* ViewController.swift */; };
		8CF969CC25F921B700F53670 /* Main.storyboard in Resources */ = {isa = PBXBuildFile; fileRef = 8CF969CA25F921B700F53670 /* Main.storyboard */; };
		8CF969CE25F921BA00F53670 /* Assets.xcassets in Resources */ = {isa = PBXBuildFile; fileRef = 8CF969CD25F921BA00F53670 /* Assets.xcassets */; };
		8CF969D125F921BA00F53670 /* LaunchScreen.storyboard in Resources */ = {isa = PBXBuildFile; fileRef = 8CF969CF25F921BA00F53670 /* LaunchScreen.storyboard */; };
		8CF969DC25F921BA00F53670 /* TaskManagerTests.swift in Sources */ = {isa = PBXBuildFile; fileRef = 8CF969DB25F921BA00F53670 /* TaskManagerTests.swift */; };
		8CF969E725F921BA00F53670 /* TaskManagerUITests.swift in Sources */ = {isa = PBXBuildFile; fileRef = 8CF969E625F921BA00F53670 /* TaskManagerUITests.swift */; };
/* End PBXBuildFile section */

/* Begin PBXContainerItemProxy section */
		8CF969D825F921BA00F53670 /* PBXContainerItemProxy */ = {
			isa = PBXContainerItemProxy;
			containerPortal = 8CF969B925F921B700F53670 /* Project object */;
			proxyType = 1;
			remoteGlobalIDString = 8CF969C025F921B700F53670;
			remoteInfo = TaskManager;
		};
		8CF969E325F921BA00F53670 /* PBXContainerItemProxy */ = {
			isa = PBXContainerItemProxy;
			containerPortal = 8CF969B925F921B700F53670 /* Project object */;
			proxyType = 1;
			remoteGlobalIDString = 8CF969C025F921B700F53670;
			remoteInfo = TaskManager;
		};
/* End PBXContainerItemProxy section */

/* Begin PBXFileReference section */
		8C654F7D25FB2BC00079E544 /* FavouritesView.swift */ = {isa = PBXFileReference; lastKnownFileType = sourcecode.swift; path = FavouritesView.swift; sourceTree = "<group>"; };
		8C654F8525FB2BF40079E544 /* PendingView.swift */ = {isa = PBXFileReference; lastKnownFileType = sourcecode.swift; path = PendingView.swift; sourceTree = "<group>"; };
		8C654F8D25FB2C080079E544 /* CompletedView.swift */ = {isa = PBXFileReference; lastKnownFileType = sourcecode.swift; path = CompletedView.swift; sourceTree = "<group>"; };
		8C654F9525FB2C1E0079E544 /* FavouriteCell.swift */ = {isa = PBXFileReference; lastKnownFileType = sourcecode.swift; path = FavouriteCell.swift; sourceTree = "<group>"; };
		8C654F9D25FB2C310079E544 /* PendingCell.swift */ = {isa = PBXFileReference; lastKnownFileType = sourcecode.swift; path = PendingCell.swift; sourceTree = "<group>"; };
		8C654FA525FB2C550079E544 /* CompletedCell.swift */ = {isa = PBXFileReference; lastKnownFileType = sourcecode.swift; path = CompletedCell.swift; sourceTree = "<group>"; };
		8C90A03625FA2B5D00E0FBBA /* securityView.swift */ = {isa = PBXFileReference; lastKnownFileType = sourcecode.swift; path = securityView.swift; sourceTree = "<group>"; };
		8C90A03E25FA3A8100E0FBBA /* TaskViewController.swift */ = {isa = PBXFileReference; lastKnownFileType = sourcecode.swift; path = TaskViewController.swift; sourceTree = "<group>"; };
		8C90A04625FA488C00E0FBBA /* TaskViewCell.swift */ = {isa = PBXFileReference; lastKnownFileType = sourcecode.swift; path = TaskViewCell.swift; sourceTree = "<group>"; };
		8CD6E4ED25FB8BAF0033F5D2 /* SettingsViewController.swift */ = {isa = PBXFileReference; lastKnownFileType = sourcecode.swift; path = SettingsViewController.swift; sourceTree = "<group>"; };
		8CD6E4F525FBA31A0033F5D2 /* setfirstCell.swift */ = {isa = PBXFileReference; lastKnownFileType = sourcecode.swift; path = setfirstCell.swift; sourceTree = "<group>"; };
		8CD6E4FA25FBA3590033F5D2 /* setsecondCell.swift */ = {isa = PBXFileReference; lastKnownFileType = sourcecode.swift; path = setsecondCell.swift; sourceTree = "<group>"; };
		8CD6E4FF25FBA39D0033F5D2 /* setthirdCell.swift */ = {isa = PBXFileReference; lastKnownFileType = sourcecode.swift; path = setthirdCell.swift; sourceTree = "<group>"; };
		8CD6E50425FBA3CD0033F5D2 /* setfourthCell.swift */ = {isa = PBXFileReference; lastKnownFileType = sourcecode.swift; path = setfourthCell.swift; sourceTree = "<group>"; };
		8CD6E50925FBA4430033F5D2 /* setfifthCell.swift */ = {isa = PBXFileReference; lastKnownFileType = sourcecode.swift; path = setfifthCell.swift; sourceTree = "<group>"; };
		8CF969C125F921B700F53670 /* TaskManager.app */ = {isa = PBXFileReference; explicitFileType = wrapper.application; includeInIndex = 0; path = TaskManager.app; sourceTree = BUILT_PRODUCTS_DIR; };
		8CF969C425F921B700F53670 /* AppDelegate.swift */ = {isa = PBXFileReference; lastKnownFileType = sourcecode.swift; path = AppDelegate.swift; sourceTree = "<group>"; };
		8CF969C625F921B700F53670 /* SceneDelegate.swift */ = {isa = PBXFileReference; lastKnownFileType = sourcecode.swift; path = SceneDelegate.swift; sourceTree = "<group>"; };
		8CF969C825F921B700F53670 /* ViewController.swift */ = {isa = PBXFileReference; lastKnownFileType = sourcecode.swift; path = ViewController.swift; sourceTree = "<group>"; };
		8CF969CB25F921B700F53670 /* Base */ = {isa = PBXFileReference; lastKnownFileType = file.storyboard; name = Base; path = Base.lproj/Main.storyboard; sourceTree = "<group>"; };
		8CF969CD25F921BA00F53670 /* Assets.xcassets */ = {isa = PBXFileReference; lastKnownFileType = folder.assetcatalog; path = Assets.xcassets; sourceTree = "<group>"; };
		8CF969D025F921BA00F53670 /* Base */ = {isa = PBXFileReference; lastKnownFileType = file.storyboard; name = Base; path = Base.lproj/LaunchScreen.storyboard; sourceTree = "<group>"; };
		8CF969D225F921BA00F53670 /* Info.plist */ = {isa = PBXFileReference; lastKnownFileType = text.plist.xml; path = Info.plist; sourceTree = "<group>"; };
		8CF969D725F921BA00F53670 /* TaskManagerTests.xctest */ = {isa = PBXFileReference; explicitFileType = wrapper.cfbundle; includeInIndex = 0; path = TaskManagerTests.xctest; sourceTree = BUILT_PRODUCTS_DIR; };
		8CF969DB25F921BA00F53670 /* TaskManagerTests.swift */ = {isa = PBXFileReference; lastKnownFileType = sourcecode.swift; path = TaskManagerTests.swift; sourceTree = "<group>"; };
		8CF969DD25F921BA00F53670 /* Info.plist */ = {isa = PBXFileReference; lastKnownFileType = text.plist.xml; path = Info.plist; sourceTree = "<group>"; };
		8CF969E225F921BA00F53670 /* TaskManagerUITests.xctest */ = {isa = PBXFileReference; explicitFileType = wrapper.cfbundle; includeInIndex = 0; path = TaskManagerUITests.xctest; sourceTree = BUILT_PRODUCTS_DIR; };
		8CF969E625F921BA00F53670 /* TaskManagerUITests.swift */ = {isa = PBXFileReference; lastKnownFileType = sourcecode.swift; path = TaskManagerUITests.swift; sourceTree = "<group>"; };
		8CF969E825F921BA00F53670 /* Info.plist */ = {isa = PBXFileReference; lastKnownFileType = text.plist.xml; path = Info.plist; sourceTree = "<group>"; };
/* End PBXFileReference section */

/* Begin PBXFrameworksBuildPhase section */
		8CF969BE25F921B700F53670 /* Frameworks */ = {
			isa = PBXFrameworksBuildPhase;
			buildActionMask = 2147483647;
			files = (
			);
			runOnlyForDeploymentPostprocessing = 0;
		};
		8CF969D425F921BA00F53670 /* Frameworks */ = {
			isa = PBXFrameworksBuildPhase;
			buildActionMask = 2147483647;
			files = (
			);
			runOnlyForDeploymentPostprocessing = 0;
		};
		8CF969DF25F921BA00F53670 /* Frameworks */ = {
			isa = PBXFrameworksBuildPhase;
			buildActionMask = 2147483647;
			files = (
			);
			runOnlyForDeploymentPostprocessing = 0;
		};
/* End PBXFrameworksBuildPhase section */

/* Begin PBXGroup section */
		8CF969B825F921B700F53670 = {
			isa = PBXGroup;
			children = (
				8CF969C325F921B700F53670 /* TaskManager */,
				8CF969DA25F921BA00F53670 /* TaskManagerTests */,
				8CF969E525F921BA00F53670 /* TaskManagerUITests */,
				8CF969C225F921B700F53670 /* Products */,
			);
			sourceTree = "<group>";
		};
		8CF969C225F921B700F53670 /* Products */ = {
			isa = PBXGroup;
			children = (
				8CF969C125F921B700F53670 /* TaskManager.app */,
				8CF969D725F921BA00F53670 /* TaskManagerTests.xctest */,
				8CF969E225F921BA00F53670 /* TaskManagerUITests.xctest */,
			);
			name = Products;
			sourceTree = "<group>";
		};
		8CF969C325F921B700F53670 /* TaskManager */ = {
			isa = PBXGroup;
			children = (
				8CF969C425F921B700F53670 /* AppDelegate.swift */,
				8CF969C625F921B700F53670 /* SceneDelegate.swift */,
				8CF969C825F921B700F53670 /* ViewController.swift */,
				8C90A03625FA2B5D00E0FBBA /* securityView.swift */,
				8C90A03E25FA3A8100E0FBBA /* TaskViewController.swift */,
				8C90A04625FA488C00E0FBBA /* TaskViewCell.swift */,
				8C654F7D25FB2BC00079E544 /* FavouritesView.swift */,
				8C654F9525FB2C1E0079E544 /* FavouriteCell.swift */,
				8C654F8525FB2BF40079E544 /* PendingView.swift */,
				8C654F9D25FB2C310079E544 /* PendingCell.swift */,
				8C654F8D25FB2C080079E544 /* CompletedView.swift */,
				8C654FA525FB2C550079E544 /* CompletedCell.swift */,
				8CD6E4ED25FB8BAF0033F5D2 /* SettingsViewController.swift */,
				8CF969CA25F921B700F53670 /* Main.storyboard */,
				8CF969CD25F921BA00F53670 /* Assets.xcassets */,
				8CF969CF25F921BA00F53670 /* LaunchScreen.storyboard */,
				8CF969D225F921BA00F53670 /* Info.plist */,
				8CD6E4F525FBA31A0033F5D2 /* setfirstCell.swift */,
				8CD6E4FA25FBA3590033F5D2 /* setsecondCell.swift */,
				8CD6E4FF25FBA39D0033F5D2 /* setthirdCell.swift */,
				8CD6E50425FBA3CD0033F5D2 /* setfourthCell.swift */,
				8CD6E50925FBA4430033F5D2 /* setfifthCell.swift */,
			);
			path = TaskManager;
			sourceTree = "<group>";
		};
		8CF969DA25F921BA00F53670 /* TaskManagerTests */ = {
			isa = PBXGroup;
			children = (
				8CF969DB25F921BA00F53670 /* TaskManagerTests.swift */,
				8CF969DD25F921BA00F53670 /* Info.plist */,
			);
			path = TaskManagerTests;
			sourceTree = "<group>";
		};
		8CF969E525F921BA00F53670 /* TaskManagerUITests */ = {
			isa = PBXGroup;
			children = (
				8CF969E625F921BA00F53670 /* TaskManagerUITests.swift */,
				8CF969E825F921BA00F53670 /* Info.plist */,
			);
			path = TaskManagerUITests;
			sourceTree = "<group>";
		};
/* End PBXGroup section */

/* Begin PBXNativeTarget section */
		8CF969C025F921B700F53670 /* TaskManager */ = {
			isa = PBXNativeTarget;
			buildConfigurationList = 8CF969EB25F921BA00F53670 /* Build configuration list for PBXNativeTarget "TaskManager" */;
			buildPhases = (
				8CF969BD25F921B700F53670 /* Sources */,
				8CF969BE25F921B700F53670 /* Frameworks */,
				8CF969BF25F921B700F53670 /* Resources */,
			);
			buildRules = (
			);
			dependencies = (
			);
			name = TaskManager;
			productName = TaskManager;
			productReference = 8CF969C125F921B700F53670 /* TaskManager.app */;
			productType = "com.apple.product-type.application";
		};
		8CF969D625F921BA00F53670 /* TaskManagerTests */ = {
			isa = PBXNativeTarget;
			buildConfigurationList = 8CF969EE25F921BA00F53670 /* Build configuration list for PBXNativeTarget "TaskManagerTests" */;
			buildPhases = (
				8CF969D325F921BA00F53670 /* Sources */,
				8CF969D425F921BA00F53670 /* Frameworks */,
				8CF969D525F921BA00F53670 /* Resources */,
			);
			buildRules = (
			);
			dependencies = (
				8CF969D925F921BA00F53670 /* PBXTargetDependency */,
			);
			name = TaskManagerTests;
			productName = TaskManagerTests;
			productReference = 8CF969D725F921BA00F53670 /* TaskManagerTests.xctest */;
			productType = "com.apple.product-type.bundle.unit-test";
		};
		8CF969E125F921BA00F53670 /* TaskManagerUITests */ = {
			isa = PBXNativeTarget;
			buildConfigurationList = 8CF969F125F921BA00F53670 /* Build configuration list for PBXNativeTarget "TaskManagerUITests" */;
			buildPhases = (
				8CF969DE25F921BA00F53670 /* Sources */,
				8CF969DF25F921BA00F53670 /* Frameworks */,
				8CF969E025F921BA00F53670 /* Resources */,
			);
			buildRules = (
			);
			dependencies = (
				8CF969E425F921BA00F53670 /* PBXTargetDependency */,
			);
			name = TaskManagerUITests;
			productName = TaskManagerUITests;
			productReference = 8CF969E225F921BA00F53670 /* TaskManagerUITests.xctest */;
			productType = "com.apple.product-type.bundle.ui-testing";
		};
/* End PBXNativeTarget section */

/* Begin PBXProject section */
		8CF969B925F921B700F53670 /* Project object */ = {
			isa = PBXProject;
			attributes = {
				LastSwiftUpdateCheck = 1240;
				LastUpgradeCheck = 1240;
				TargetAttributes = {
					8CF969C025F921B700F53670 = {
						CreatedOnToolsVersion = 12.4;
					};
					8CF969D625F921BA00F53670 = {
						CreatedOnToolsVersion = 12.4;
						TestTargetID = 8CF969C025F921B700F53670;
					};
					8CF969E125F921BA00F53670 = {
						CreatedOnToolsVersion = 12.4;
						TestTargetID = 8CF969C025F921B700F53670;
					};
				};
			};
			buildConfigurationList = 8CF969BC25F921B700F53670 /* Build configuration list for PBXProject "TaskManager" */;
			compatibilityVersion = "Xcode 9.3";
			developmentRegion = en;
			hasScannedForEncodings = 0;
			knownRegions = (
				en,
				Base,
			);
			mainGroup = 8CF969B825F921B700F53670;
			productRefGroup = 8CF969C225F921B700F53670 /* Products */;
			projectDirPath = "";
			projectRoot = "";
			targets = (
				8CF969C025F921B700F53670 /* TaskManager */,
				8CF969D625F921BA00F53670 /* TaskManagerTests */,
				8CF969E125F921BA00F53670 /* TaskManagerUITests */,
			);
		};
/* End PBXProject section */

/* Begin PBXResourcesBuildPhase section */
		8CF969BF25F921B700F53670 /* Resources */ = {
			isa = PBXResourcesBuildPhase;
			buildActionMask = 2147483647;
			files = (
				8CF969D125F921BA00F53670 /* LaunchScreen.storyboard in Resources */,
				8CF969CE25F921BA00F53670 /* Assets.xcassets in Resources */,
				8CF969CC25F921B700F53670 /* Main.storyboard in Resources */,
			);
			runOnlyForDeploymentPostprocessing = 0;
		};
		8CF969D525F921BA00F53670 /* Resources */ = {
			isa = PBXResourcesBuildPhase;
			buildActionMask = 2147483647;
			files = (
			);
			runOnlyForDeploymentPostprocessing = 0;
		};
		8CF969E025F921BA00F53670 /* Resources */ = {
			isa = PBXResourcesBuildPhase;
			buildActionMask = 2147483647;
			files = (
			);
			runOnlyForDeploymentPostprocessing = 0;
		};
/* End PBXResourcesBuildPhase section */

/* Begin PBXSourcesBuildPhase section */
		8CF969BD25F921B700F53670 /* Sources */ = {
			isa = PBXSourcesBuildPhase;
			buildActionMask = 2147483647;
			files = (
				8CF969C925F921B700F53670 /* ViewController.swift in Sources */,
				8C90A03F25FA3A8100E0FBBA /* TaskViewController.swift in Sources */,
				8CD6E50A25FBA4430033F5D2 /* setfifthCell.swift in Sources */,
				8C654F9E25FB2C310079E544 /* PendingCell.swift in Sources */,
				8C90A04725FA488C00E0FBBA /* TaskViewCell.swift in Sources */,
				8CD6E50025FBA39D0033F5D2 /* setthirdCell.swift in Sources */,
				8C90A03725FA2B5D00E0FBBA /* securityView.swift in Sources */,
				8C654F8625FB2BF40079E544 /* PendingView.swift in Sources */,
				8C654F9625FB2C1E0079E544 /* FavouriteCell.swift in Sources */,
				8C654F8E25FB2C080079E544 /* CompletedView.swift in Sources */,
				8CF969C525F921B700F53670 /* AppDelegate.swift in Sources */,
				8C654F7E25FB2BC00079E544 /* FavouritesView.swift in Sources */,
				8CD6E50525FBA3CD0033F5D2 /* setfourthCell.swift in Sources */,
				8CD6E4EE25FB8BAF0033F5D2 /* SettingsViewController.swift in Sources */,
				8CD6E4F625FBA31A0033F5D2 /* setfirstCell.swift in Sources */,
				8CF969C725F921B700F53670 /* SceneDelegate.swift in Sources */,
				8CD6E4FB25FBA3590033F5D2 /* setsecondCell.swift in Sources */,
				8C654FA625FB2C550079E544 /* CompletedCell.swift in Sources */,
			);
			runOnlyForDeploymentPostprocessing = 0;
		};
		8CF969D325F921BA00F53670 /* Sources */ = {
			isa = PBXSourcesBuildPhase;
			buildActionMask = 2147483647;
			files = (
				8CF969DC25F921BA00F53670 /* TaskManagerTests.swift in Sources */,
			);
			runOnlyForDeploymentPostprocessing = 0;
		};
		8CF969DE25F921BA00F53670 /* Sources */ = {
			isa = PBXSourcesBuildPhase;
			buildActionMask = 2147483647;
			files = (
				8CF969E725F921BA00F53670 /* TaskManagerUITests.swift in Sources */,
			);
			runOnlyForDeploymentPostprocessing = 0;
		};
/* End PBXSourcesBuildPhase section */

/* Begin PBXTargetDependency section */
		8CF969D925F921BA00F53670 /* PBXTargetDependency */ = {
			isa = PBXTargetDependency;
			target = 8CF969C025F921B700F53670 /* TaskManager */;
			targetProxy = 8CF969D825F921BA00F53670 /* PBXContainerItemProxy */;
		};
		8CF969E425F921BA00F53670 /* PBXTargetDependency */ = {
			isa = PBXTargetDependency;
			target = 8CF969C025F921B700F53670 /* TaskManager */;
			targetProxy = 8CF969E325F921BA00F53670 /* PBXContainerItemProxy */;
		};
/* End PBXTargetDependency section */

/* Begin PBXVariantGroup section */
		8CF969CA25F921B700F53670 /* Main.storyboard */ = {
			isa = PBXVariantGroup;
			children = (
				8CF969CB25F921B700F53670 /* Base */,
			);
			name = Main.storyboard;
			sourceTree = "<group>";
		};
		8CF969CF25F921BA00F53670 /* LaunchScreen.storyboard */ = {
			isa = PBXVariantGroup;
			children = (
				8CF969D025F921BA00F53670 /* Base */,
			);
			name = LaunchScreen.storyboard;
			sourceTree = "<group>";
		};
/* End PBXVariantGroup section */

/* Begin XCBuildConfiguration section */
		8CF969E925F921BA00F53670 /* Debug */ = {
			isa = XCBuildConfiguration;
			buildSettings = {
				ALWAYS_SEARCH_USER_PATHS = NO;
				CLANG_ANALYZER_NONNULL = YES;
				CLANG_ANALYZER_NUMBER_OBJECT_CONVERSION = YES_AGGRESSIVE;
				CLANG_CXX_LANGUAGE_STANDARD = "gnu++14";
				CLANG_CXX_LIBRARY = "libc++";
				CLANG_ENABLE_MODULES = YES;
				CLANG_ENABLE_OBJC_ARC = YES;
				CLANG_ENABLE_OBJC_WEAK = YES;
				CLANG_WARN_BLOCK_CAPTURE_AUTORELEASING = YES;
				CLANG_WARN_BOOL_CONVERSION = YES;
				CLANG_WARN_COMMA = YES;
				CLANG_WARN_CONSTANT_CONVERSION = YES;
				CLANG_WARN_DEPRECATED_OBJC_IMPLEMENTATIONS = YES;
				CLANG_WARN_DIRECT_OBJC_ISA_USAGE = YES_ERROR;
				CLANG_WARN_DOCUMENTATION_COMMENTS = YES;
				CLANG_WARN_EMPTY_BODY = YES;
				CLANG_WARN_ENUM_CONVERSION = YES;
				CLANG_WARN_INFINITE_RECURSION = YES;
				CLANG_WARN_INT_CONVERSION = YES;
				CLANG_WARN_NON_LITERAL_NULL_CONVERSION = YES;
				CLANG_WARN_OBJC_IMPLICIT_RETAIN_SELF = YES;
				CLANG_WARN_OBJC_LITERAL_CONVERSION = YES;
				CLANG_WARN_OBJC_ROOT_CLASS = YES_ERROR;
				CLANG_WARN_QUOTED_INCLUDE_IN_FRAMEWORK_HEADER = YES;
				CLANG_WARN_RANGE_LOOP_ANALYSIS = YES;
				CLANG_WARN_STRICT_PROTOTYPES = YES;
				CLANG_WARN_SUSPICIOUS_MOVE = YES;
				CLANG_WARN_UNGUARDED_AVAILABILITY = YES_AGGRESSIVE;
				CLANG_WARN_UNREACHABLE_CODE = YES;
				CLANG_WARN__DUPLICATE_METHOD_MATCH = YES;
				COPY_PHASE_STRIP = NO;
				DEBUG_INFORMATION_FORMAT = dwarf;
				ENABLE_STRICT_OBJC_MSGSEND = YES;
				ENABLE_TESTABILITY = YES;
				GCC_C_LANGUAGE_STANDARD = gnu11;
				GCC_DYNAMIC_NO_PIC = NO;
				GCC_NO_COMMON_BLOCKS = YES;
				GCC_OPTIMIZATION_LEVEL = 0;
				GCC_PREPROCESSOR_DEFINITIONS = (
					"DEBUG=1",
					"$(inherited)",
				);
				GCC_WARN_64_TO_32_BIT_CONVERSION = YES;
				GCC_WARN_ABOUT_RETURN_TYPE = YES_ERROR;
				GCC_WARN_UNDECLARED_SELECTOR = YES;
				GCC_WARN_UNINITIALIZED_AUTOS = YES_AGGRESSIVE;
				GCC_WARN_UNUSED_FUNCTION = YES;
				GCC_WARN_UNUSED_VARIABLE = YES;
				IPHONEOS_DEPLOYMENT_TARGET = 14.4;
				MTL_ENABLE_DEBUG_INFO = INCLUDE_SOURCE;
				MTL_FAST_MATH = YES;
				ONLY_ACTIVE_ARCH = YES;
				SDKROOT = iphoneos;
				SWIFT_ACTIVE_COMPILATION_CONDITIONS = DEBUG;
				SWIFT_OPTIMIZATION_LEVEL = "-Onone";
			};
			name = Debug;
		};
		8CF969EA25F921BA00F53670 /* Release */ = {
			isa = XCBuildConfiguration;
			buildSettings = {
				ALWAYS_SEARCH_USER_PATHS = NO;
				CLANG_ANALYZER_NONNULL = YES;
				CLANG_ANALYZER_NUMBER_OBJECT_CONVERSION = YES_AGGRESSIVE;
				CLANG_CXX_LANGUAGE_STANDARD = "gnu++14";
				CLANG_CXX_LIBRARY = "libc++";
				CLANG_ENABLE_MODULES = YES;
				CLANG_ENABLE_OBJC_ARC = YES;
				CLANG_ENABLE_OBJC_WEAK = YES;
				CLANG_WARN_BLOCK_CAPTURE_AUTORELEASING = YES;
				CLANG_WARN_BOOL_CONVERSION = YES;
				CLANG_WARN_COMMA = YES;
				CLANG_WARN_CONSTANT_CONVERSION = YES;
				CLANG_WARN_DEPRECATED_OBJC_IMPLEMENTATIONS = YES;
				CLANG_WARN_DIRECT_OBJC_ISA_USAGE = YES_ERROR;
				CLANG_WARN_DOCUMENTATION_COMMENTS = YES;
				CLANG_WARN_EMPTY_BODY = YES;
				CLANG_WARN_ENUM_CONVERSION = YES;
				CLANG_WARN_INFINITE_RECURSION = YES;
				CLANG_WARN_INT_CONVERSION = YES;
				CLANG_WARN_NON_LITERAL_NULL_CONVERSION = YES;
				CLANG_WARN_OBJC_IMPLICIT_RETAIN_SELF = YES;
				CLANG_WARN_OBJC_LITERAL_CONVERSION = YES;
				CLANG_WARN_OBJC_ROOT_CLASS = YES_ERROR;
				CLANG_WARN_QUOTED_INCLUDE_IN_FRAMEWORK_HEADER = YES;
				CLANG_WARN_RANGE_LOOP_ANALYSIS = YES;
				CLANG_WARN_STRICT_PROTOTYPES = YES;
				CLANG_WARN_SUSPICIOUS_MOVE = YES;
				CLANG_WARN_UNGUARDED_AVAILABILITY = YES_AGGRESSIVE;
				CLANG_WARN_UNREACHABLE_CODE = YES;
				CLANG_WARN__DUPLICATE_METHOD_MATCH = YES;
				COPY_PHASE_STRIP = NO;
				DEBUG_INFORMATION_FORMAT = "dwarf-with-dsym";
				ENABLE_NS_ASSERTIONS = NO;
				ENABLE_STRICT_OBJC_MSGSEND = YES;
				GCC_C_LANGUAGE_STANDARD = gnu11;
				GCC_NO_COMMON_BLOCKS = YES;
				GCC_WARN_64_TO_32_BIT_CONVERSION = YES;
				GCC_WARN_ABOUT_RETURN_TYPE = YES_ERROR;
				GCC_WARN_UNDECLARED_SELECTOR = YES;
				GCC_WARN_UNINITIALIZED_AUTOS = YES_AGGRESSIVE;
				GCC_WARN_UNUSED_FUNCTION = YES;
				GCC_WARN_UNUSED_VARIABLE = YES;
				IPHONEOS_DEPLOYMENT_TARGET = 14.4;
				MTL_ENABLE_DEBUG_INFO = NO;
				MTL_FAST_MATH = YES;
				SDKROOT = iphoneos;
				SWIFT_COMPILATION_MODE = wholemodule;
				SWIFT_OPTIMIZATION_LEVEL = "-O";
				VALIDATE_PRODUCT = YES;
			};
			name = Release;
		};
		8CF969EC25F921BA00F53670 /* Debug */ = {
			isa = XCBuildConfiguration;
			buildSettings = {
				ASSETCATALOG_COMPILER_APPICON_NAME = AppIcon;
				ASSETCATALOG_COMPILER_GLOBAL_ACCENT_COLOR_NAME = AccentColor;
				CODE_SIGN_STYLE = Automatic;
				INFOPLIST_FILE = TaskManager/Info.plist;
				LD_RUNPATH_SEARCH_PATHS = (
					"$(inherited)",
					"@executable_path/Frameworks",
				);
				PRODUCT_BUNDLE_IDENTIFIER = Macapp.TaskManager;
				PRODUCT_NAME = "$(TARGET_NAME)";
				SWIFT_VERSION = 5.0;
				TARGETED_DEVICE_FAMILY = "1,2";
			};
			name = Debug;
		};
		8CF969ED25F921BA00F53670 /* Release */ = {
			isa = XCBuildConfiguration;
			buildSettings = {
				ASSETCATALOG_COMPILER_APPICON_NAME = AppIcon;
				ASSETCATALOG_COMPILER_GLOBAL_ACCENT_COLOR_NAME = AccentColor;
				CODE_SIGN_STYLE = Automatic;
				INFOPLIST_FILE = TaskManager/Info.plist;
				LD_RUNPATH_SEARCH_PATHS = (
					"$(inherited)",
					"@executable_path/Frameworks",
				);
				PRODUCT_BUNDLE_IDENTIFIER = Macapp.TaskManager;
				PRODUCT_NAME = "$(TARGET_NAME)";
				SWIFT_VERSION = 5.0;
				TARGETED_DEVICE_FAMILY = "1,2";
			};
			name = Release;
		};
		8CF969EF25F921BA00F53670 /* Debug */ = {
			isa = XCBuildConfiguration;
			buildSettings = {
				ALWAYS_EMBED_SWIFT_STANDARD_LIBRARIES = YES;
				BUNDLE_LOADER = "$(TEST_HOST)";
				CODE_SIGN_STYLE = Automatic;
				INFOPLIST_FILE = TaskManagerTests/Info.plist;
				IPHONEOS_DEPLOYMENT_TARGET = 14.4;
				LD_RUNPATH_SEARCH_PATHS = (
					"$(inherited)",
					"@executable_path/Frameworks",
					"@loader_path/Frameworks",
				);
				PRODUCT_BUNDLE_IDENTIFIER = Macapp.TaskManagerTests;
				PRODUCT_NAME = "$(TARGET_NAME)";
				SWIFT_VERSION = 5.0;
				TARGETED_DEVICE_FAMILY = "1,2";
				TEST_HOST = "$(BUILT_PRODUCTS_DIR)/TaskManager.app/TaskManager";
			};
			name = Debug;
		};
		8CF969F025F921BA00F53670 /* Release */ = {
			isa = XCBuildConfiguration;
			buildSettings = {
				ALWAYS_EMBED_SWIFT_STANDARD_LIBRARIES = YES;
				BUNDLE_LOADER = "$(TEST_HOST)";
				CODE_SIGN_STYLE = Automatic;
				INFOPLIST_FILE = TaskManagerTests/Info.plist;
				IPHONEOS_DEPLOYMENT_TARGET = 14.4;
				LD_RUNPATH_SEARCH_PATHS = (
					"$(inherited)",
					"@executable_path/Frameworks",
					"@loader_path/Frameworks",
				);
				PRODUCT_BUNDLE_IDENTIFIER = Macapp.TaskManagerTests;
				PRODUCT_NAME = "$(TARGET_NAME)";
				SWIFT_VERSION = 5.0;
				TARGETED_DEVICE_FAMILY = "1,2";
				TEST_HOST = "$(BUILT_PRODUCTS_DIR)/TaskManager.app/TaskManager";
			};
			name = Release;
		};
		8CF969F225F921BA00F53670 /* Debug */ = {
			isa = XCBuildConfiguration;
			buildSettings = {
				ALWAYS_EMBED_SWIFT_STANDARD_LIBRARIES = YES;
				CODE_SIGN_STYLE = Automatic;
				INFOPLIST_FILE = TaskManagerUITests/Info.plist;
				LD_RUNPATH_SEARCH_PATHS = (
					"$(inherited)",
					"@executable_path/Frameworks",
					"@loader_path/Frameworks",
				);
				PRODUCT_BUNDLE_IDENTIFIER = Macapp.TaskManagerUITests;
				PRODUCT_NAME = "$(TARGET_NAME)";
				SWIFT_VERSION = 5.0;
				TARGETED_DEVICE_FAMILY = "1,2";
				TEST_TARGET_NAME = TaskManager;
			};
			name = Debug;
		};
		8CF969F325F921BA00F53670 /* Release */ = {
			isa = XCBuildConfiguration;
			buildSettings = {
				ALWAYS_EMBED_SWIFT_STANDARD_LIBRARIES = YES;
				CODE_SIGN_STYLE = Automatic;
				INFOPLIST_FILE = TaskManagerUITests/Info.plist;
				LD_RUNPATH_SEARCH_PATHS = (
					"$(inherited)",
					"@executable_path/Frameworks",
					"@loader_path/Frameworks",
				);
				PRODUCT_BUNDLE_IDENTIFIER = Macapp.TaskManagerUITests;
				PRODUCT_NAME = "$(TARGET_NAME)";
				SWIFT_VERSION = 5.0;
				TARGETED_DEVICE_FAMILY = "1,2";
				TEST_TARGET_NAME = TaskManager;
			};
			name = Release;
		};
/* End XCBuildConfiguration section */

/* Begin XCConfigurationList section */
		8CF969BC25F921B700F53670 /* Build configuration list for PBXProject "TaskManager" */ = {
			isa = XCConfigurationList;
			buildConfigurations = (
				8CF969E925F921BA00F53670 /* Debug */,
				8CF969EA25F921BA00F53670 /* Release */,
			);
			defaultConfigurationIsVisible = 0;
			defaultConfigurationName = Release;
		};
		8CF969EB25F921BA00F53670 /* Build configuration list for PBXNativeTarget "TaskManager" */ = {
			isa = XCConfigurationList;
			buildConfigurations = (
				8CF969EC25F921BA00F53670 /* Debug */,
				8CF969ED25F921BA00F53670 /* Release */,
			);
			defaultConfigurationIsVisible = 0;
			defaultConfigurationName = Release;
		};
		8CF969EE25F921BA00F53670 /* Build configuration list for PBXNativeTarget "TaskManagerTests" */ = {
			isa = XCConfigurationList;
			buildConfigurations = (
				8CF969EF25F921BA00F53670 /* Debug */,
				8CF969F025F921BA00F53670 /* Release */,
			);
			defaultConfigurationIsVisible = 0;
			defaultConfigurationName = Release;
		};
		8CF969F125F921BA00F53670 /* Build configuration list for PBXNativeTarget "TaskManagerUITests" */ = {
			isa = XCConfigurationList;
			buildConfigurations = (
				8CF969F225F921BA00F53670 /* Debug */,
				8CF969F325F921BA00F53670 /* Release */,
			);
			defaultConfigurationIsVisible = 0;
			defaultConfigurationName = Release;
		};
/* End XCConfigurationList section */
	};
	rootObject = 8CF969B925F921B700F53670 /* Project object */;
}
