// !$*UTF8*$!
{
	archiveVersion = 1;
	classes = {
	};
	objectVersion = 51;
	objects = {

/* Begin PBXBuildFile section */
		8C1193622600762D00E7AB35 /* UIViewController.swift in Sources */ = {isa = PBXBuildFile; fileRef = 8C1193612600762D00E7AB35 /* UIViewController.swift */; };
		8C654F7E25FB2BC00079E544 /* FavouritesView.swift in Sources */ = {isa = PBXBuildFile; fileRef = 8C654F7D25FB2BC00079E544 /* FavouritesView.swift */; };
		8C654F8625FB2BF40079E544 /* PendingView.swift in Sources */ = {isa = PBXBuildFile; fileRef = 8C654F8525FB2BF40079E544 /* PendingView.swift */; };
		8C654F8E25FB2C080079E544 /* CompletedView.swift in Sources */ = {isa = PBXBuildFile; fileRef = 8C654F8D25FB2C080079E544 /* CompletedView.swift */; };
		8C654F9625FB2C1E0079E544 /* FavouriteCell.swift in Sources */ = {isa = PBXBuildFile; fileRef = 8C654F9525FB2C1E0079E544 /* FavouriteCell.swift */; };
		8C654F9E25FB2C310079E544 /* PendingCell.swift in Sources */ = {isa = PBXBuildFile; fileRef = 8C654F9D25FB2C310079E544 /* PendingCell.swift */; };
		8C654FA625FB2C550079E544 /* CompletedCell.swift in Sources */ = {isa = PBXBuildFile; fileRef = 8C654FA525FB2C550079E544 /* CompletedCell.swift */; };
		8C90A03725FA2B5D00E0FBBA /* securityView.swift in Sources */ = {isa = PBXBuildFile; fileRef = 8C90A03625FA2B5D00E0FBBA /* securityView.swift */; };
		8C90A03F25FA3A8100E0FBBA /* TaskViewController.swift in Sources */ = {isa = PBXBuildFile; fileRef = 8C90A03E25FA3A8100E0FBBA /* TaskViewController.swift */; };
		8C90A04725FA488C00E0FBBA /* TaskViewCell.swift in Sources */ = {isa = PBXBuildFile; fileRef = 8C90A04625FA488C00E0FBBA /* TaskViewCell.swift */; };
		8CC902D52601FCB8007C1119 /* IntroScreen.swift in Sources */ = {isa = PBXBuildFile; fileRef = 8CC902D42601FCB8007C1119 /* IntroScreen.swift */; };
		8CD6E4EE25FB8BAF0033F5D2 /* SettingsViewController.swift in Sources */ = {isa = PBXBuildFile; fileRef = 8CD6E4ED25FB8BAF0033F5D2 /* SettingsViewController.swift */; };
		8CD6E4F625FBA31A0033F5D2 /* setfirstCell.swift in Sources */ = {isa = PBXBuildFile; fileRef = 8CD6E4F525FBA31A0033F5D2 /* setfirstCell.swift */; };
		8CD6E4FB25FBA3590033F5D2 /* setsecondCell.swift in Sources */ = {isa = PBXBuildFile; fileRef = 8CD6E4FA25FBA3590033F5D2 /* setsecondCell.swift */; };
		8CD6E50025FBA39D0033F5D2 /* setthirdCell.swift in Sources */ = {isa = PBXBuildFile; fileRef = 8CD6E4FF25FBA39D0033F5D2 /* setthirdCell.swift */; };
		8CD6E50525FBA3CD0033F5D2 /* setfourthCell.swift in Sources */ = {isa = PBXBuildFile; fileRef = 8CD6E50425FBA3CD0033F5D2 /* setfourthCell.swift */; };
		8CD6E50A25FBA4430033F5D2 /* setfifthCell.swift in Sources */ = {isa = PBXBuildFile; fileRef = 8CD6E50925FBA4430033F5D2 /* setfifthCell.swift */; };
		8CF969C525F921B700F53670 /* AppDelegate.swift in Sources */ = {isa = PBXBuildFile; fileRef = 8CF969C425F921B700F53670 /* AppDelegate.swift */; };
		8CF969C725F921B700F53670 /* SceneDelegate.swift in Sources */ = {isa = PBXBuildFile; fileRef = 8CF969C625F921B700F53670 /* SceneDelegate.swift */; };
		8CF969C925F921B700F53670 /* ViewController.swift in Sources */ = {isa = PBXBuildFile; fileRef = 8CF969C825F921B700F53670 /* ViewController.swift */; };
		8CF969CC25F921B700F53670 /* Main.storyboard in Resources */ = {isa = PBXBuildFile; fileRef = 8CF969CA25F921B700F53670 /* Main.storyboard */; };
		8CF969CE25F921BA00F53670 /* Assets.xcassets in Resources */ = {isa = PBXBuildFile; fileRef = 8CF969CD25F921BA00F53670 /* Assets.xcassets */; };
		8CF969D125F921BA00F53670 /* LaunchScreen.storyboard in Resources */ = {isa = PBXBuildFile; fileRef = 8CF969CF25F921BA00F53670 /* LaunchScreen.storyboard */; };
		8CF969DC25F921BA00F53670 /* TaskManagerTests.swift in Sources */ = {isa = PBXBuildFile; fileRef = 8CF969DB25F921BA00F53670 /* TaskManagerTests.swift */; };
		8CF969E725F921BA00F53670 /* TaskManagerUITests.swift in Sources */ = {isa = PBXBuildFile; fileRef = 8CF969E625F921BA00F53670 /* TaskManagerUITests.swift */; };
		9FEE1806F520871C1F24A3D5 /* Pods_TaskManager_TaskManagerUITests.framework in Frameworks */ = {isa = PBXBuildFile; fileRef = 52F0CCC0BF7023265BEA1128 /* Pods_TaskManager_TaskManagerUITests.framework */; };
		A981DA6C1471D8DA39891EF9 /* Pods_TaskManagerTests.framework in Frameworks */ = {isa = PBXBuildFile; fileRef = A6D39DF15FC1DFF1133A1619 /* Pods_TaskManagerTests.framework */; };
		CF1D76922602128800175D04 /* WalkthroughContentViewController.swift in Sources */ = {isa = PBXBuildFile; fileRef = CF1D768F2602128700175D04 /* WalkthroughContentViewController.swift */; };
		CF1D76932602128800175D04 /* WalkthroughPageViewController.swift in Sources */ = {isa = PBXBuildFile; fileRef = CF1D76902602128800175D04 /* WalkthroughPageViewController.swift */; };
		CF1D76942602128800175D04 /* WalkthroughViewController.swift in Sources */ = {isa = PBXBuildFile; fileRef = CF1D76912602128800175D04 /* WalkthroughViewController.swift */; };
		F4BEC4CFA4E7FD234F37D829 /* Pods_TaskManager.framework in Frameworks */ = {isa = PBXBuildFile; fileRef = 3D8009AA14395A4F7193CBF1 /* Pods_TaskManager.framework */; };
/* End PBXBuildFile section */

/* Begin PBXContainerItemProxy section */
		8CF969D825F921BA00F53670 /* PBXContainerItemProxy */ = {
			isa = PBXContainerItemProxy;
			containerPortal = 8CF969B925F921B700F53670 /* Project object */;
			proxyType = 1;
			remoteGlobalIDString = 8CF969C025F921B700F53670;
			remoteInfo = TaskManager;
		};
		8CF969E325F921BA00F53670 /* PBXContainerItemProxy */ = {
			isa = PBXContainerItemProxy;
			containerPortal = 8CF969B925F921B700F53670 /* Project object */;
			proxyType = 1;
			remoteGlobalIDString = 8CF969C025F921B700F53670;
			remoteInfo = TaskManager;
		};
/* End PBXContainerItemProxy section */

/* Begin PBXFileReference section */
		0BE664D751672EB077AA66A8 /* Pods-TaskManager-TaskManagerUITests.debug.xcconfig */ = {isa = PBXFileReference; includeInIndex = 1; lastKnownFileType = text.xcconfig; name = "Pods-TaskManager-TaskManagerUITests.debug.xcconfig"; path = "Target Support Files/Pods-TaskManager-TaskManagerUITests/Pods-TaskManager-TaskManagerUITests.debug.xcconfig"; sourceTree = "<group>"; };
		3D8009AA14395A4F7193CBF1 /* Pods_TaskManager.framework */ = {isa = PBXFileReference; explicitFileType = wrapper.framework; includeInIndex = 0; path = Pods_TaskManager.framework; sourceTree = BUILT_PRODUCTS_DIR; };
		52F0CCC0BF7023265BEA1128 /* Pods_TaskManager_TaskManagerUITests.framework */ = {isa = PBXFileReference; explicitFileType = wrapper.framework; includeInIndex = 0; path = Pods_TaskManager_TaskManagerUITests.framework; sourceTree = BUILT_PRODUCTS_DIR; };
		8C1193612600762D00E7AB35 /* UIViewController.swift */ = {isa = PBXFileReference; fileEncoding = 4; lastKnownFileType = sourcecode.swift; path = UIViewController.swift; sourceTree = "<group>"; };
		8C654F7D25FB2BC00079E544 /* FavouritesView.swift */ = {isa = PBXFileReference; lastKnownFileType = sourcecode.swift; path = FavouritesView.swift; sourceTree = "<group>"; };
		8C654F8525FB2BF40079E544 /* PendingView.swift */ = {isa = PBXFileReference; lastKnownFileType = sourcecode.swift; path = PendingView.swift; sourceTree = "<group>"; };
		8C654F8D25FB2C080079E544 /* CompletedView.swift */ = {isa = PBXFileReference; lastKnownFileType = sourcecode.swift; path = CompletedView.swift; sourceTree = "<group>"; };
		8C654F9525FB2C1E0079E544 /* FavouriteCell.swift */ = {isa = PBXFileReference; lastKnownFileType = sourcecode.swift; path = FavouriteCell.swift; sourceTree = "<group>"; };
		8C654F9D25FB2C310079E544 /* PendingCell.swift */ = {isa = PBXFileReference; lastKnownFileType = sourcecode.swift; path = PendingCell.swift; sourceTree = "<group>"; };
		8C654FA525FB2C550079E544 /* CompletedCell.swift */ = {isa = PBXFileReference; lastKnownFileType = sourcecode.swift; path = CompletedCell.swift; sourceTree = "<group>"; };
		8C90A03625FA2B5D00E0FBBA /* securityView.swift */ = {isa = PBXFileReference; lastKnownFileType = sourcecode.swift; path = securityView.swift; sourceTree = "<group>"; };
		8C90A03E25FA3A8100E0FBBA /* TaskViewController.swift */ = {isa = PBXFileReference; lastKnownFileType = sourcecode.swift; path = TaskViewController.swift; sourceTree = "<group>"; };
		8C90A04625FA488C00E0FBBA /* TaskViewCell.swift */ = {isa = PBXFileReference; lastKnownFileType = sourcecode.swift; path = TaskViewCell.swift; sourceTree = "<group>"; };
		8CC902D42601FCB8007C1119 /* IntroScreen.swift */ = {isa = PBXFileReference; lastKnownFileType = sourcecode.swift; path = IntroScreen.swift; sourceTree = "<group>"; };
		8CD6E4ED25FB8BAF0033F5D2 /* SettingsViewController.swift */ = {isa = PBXFileReference; lastKnownFileType = sourcecode.swift; path = SettingsViewController.swift; sourceTree = "<group>"; };
		8CD6E4F525FBA31A0033F5D2 /* setfirstCell.swift */ = {isa = PBXFileReference; lastKnownFileType = sourcecode.swift; path = setfirstCell.swift; sourceTree = "<group>"; };
		8CD6E4FA25FBA3590033F5D2 /* setsecondCell.swift */ = {isa = PBXFileReference; lastKnownFileType = sourcecode.swift; path = setsecondCell.swift; sourceTree = "<group>"; };
		8CD6E4FF25FBA39D0033F5D2 /* setthirdCell.swift */ = {isa = PBXFileReference; lastKnownFileType = sourcecode.swift; path = setthirdCell.swift; sourceTree = "<group>"; };
		8CD6E50425FBA3CD0033F5D2 /* setfourthCell.swift */ = {isa = PBXFileReference; lastKnownFileType = sourcecode.swift; path = setfourthCell.swift; sourceTree = "<group>"; };
		8CD6E50925FBA4430033F5D2 /* setfifthCell.swift */ = {isa = PBXFileReference; lastKnownFileType = sourcecode.swift; path = setfifthCell.swift; sourceTree = "<group>"; };
		8CF969C125F921B700F53670 /* TaskManager.app */ = {isa = PBXFileReference; explicitFileType = wrapper.application; includeInIndex = 0; path = TaskManager.app; sourceTree = BUILT_PRODUCTS_DIR; };
		8CF969C425F921B700F53670 /* AppDelegate.swift */ = {isa = PBXFileReference; lastKnownFileType = sourcecode.swift; path = AppDelegate.swift; sourceTree = "<group>"; };
		8CF969C625F921B700F53670 /* SceneDelegate.swift */ = {isa = PBXFileReference; lastKnownFileType = sourcecode.swift; path = SceneDelegate.swift; sourceTree = "<group>"; };
		8CF969C825F921B700F53670 /* ViewController.swift */ = {isa = PBXFileReference; lastKnownFileType = sourcecode.swift; path = ViewController.swift; sourceTree = "<group>"; };
		8CF969CB25F921B700F53670 /* Base */ = {isa = PBXFileReference; lastKnownFileType = file.storyboard; name = Base; path = Base.lproj/Main.storyboard; sourceTree = "<group>"; };
		8CF969CD25F921BA00F53670 /* Assets.xcassets */ = {isa = PBXFileReference; lastKnownFileType = folder.assetcatalog; path = Assets.xcassets; sourceTree = "<group>"; };
		8CF969D025F921BA00F53670 /* Base */ = {isa = PBXFileReference; lastKnownFileType = file.storyboard; name = Base; path = Base.lproj/LaunchScreen.storyboard; sourceTree = "<group>"; };
		8CF969D225F921BA00F53670 /* Info.plist */ = {isa = PBXFileReference; lastKnownFileType = text.plist.xml; path = Info.plist; sourceTree = "<group>"; };
		8CF969D725F921BA00F53670 /* TaskManagerTests.xctest */ = {isa = PBXFileReference; explicitFileType = wrapper.cfbundle; includeInIndex = 0; path = TaskManagerTests.xctest; sourceTree = BUILT_PRODUCTS_DIR; };
		8CF969DB25F921BA00F53670 /* TaskManagerTests.swift */ = {isa = PBXFileReference; lastKnownFileType = sourcecode.swift; path = TaskManagerTests.swift; sourceTree = "<group>"; };
		8CF969DD25F921BA00F53670 /* Info.plist */ = {isa = PBXFileReference; lastKnownFileType = text.plist.xml; path = Info.plist; sourceTree = "<group>"; };
		8CF969E225F921BA00F53670 /* TaskManagerUITests.xctest */ = {isa = PBXFileReference; explicitFileType = wrapper.cfbundle; includeInIndex = 0; path = TaskManagerUITests.xctest; sourceTree = BUILT_PRODUCTS_DIR; };
		8CF969E625F921BA00F53670 /* TaskManagerUITests.swift */ = {isa = PBXFileReference; lastKnownFileType = sourcecode.swift; path = TaskManagerUITests.swift; sourceTree = "<group>"; };
		8CF969E825F921BA00F53670 /* Info.plist */ = {isa = PBXFileReference; lastKnownFileType = text.plist.xml; path = Info.plist; sourceTree = "<group>"; };
		9F297A2035474A133B7DF70B /* Pods-TaskManager-TaskManagerUITests.release.xcconfig */ = {isa = PBXFileReference; includeInIndex = 1; lastKnownFileType = text.xcconfig; name = "Pods-TaskManager-TaskManagerUITests.release.xcconfig"; path = "Target Support Files/Pods-TaskManager-TaskManagerUITests/Pods-TaskManager-TaskManagerUITests.release.xcconfig"; sourceTree = "<group>"; };
		A1356B951FA81437DA4F7BCD /* Pods-TaskManager.release.xcconfig */ = {isa = PBXFileReference; includeInIndex = 1; lastKnownFileType = text.xcconfig; name = "Pods-TaskManager.release.xcconfig"; path = "Target Support Files/Pods-TaskManager/Pods-TaskManager.release.xcconfig"; sourceTree = "<group>"; };
		A6D39DF15FC1DFF1133A1619 /* Pods_TaskManagerTests.framework */ = {isa = PBXFileReference; explicitFileType = wrapper.framework; includeInIndex = 0; path = Pods_TaskManagerTests.framework; sourceTree = BUILT_PRODUCTS_DIR; };
		C66163CF0EC6FD4CC1F57BA3 /* Pods-TaskManagerTests.release.xcconfig */ = {isa = PBXFileReference; includeInIndex = 1; lastKnownFileType = text.xcconfig; name = "Pods-TaskManagerTests.release.xcconfig"; path = "Target Support Files/Pods-TaskManagerTests/Pods-TaskManagerTests.release.xcconfig"; sourceTree = "<group>"; };
		CB7DC400E6D0F84F13044F46 /* Pods-TaskManagerTests.debug.xcconfig */ = {isa = PBXFileReference; includeInIndex = 1; lastKnownFileType = text.xcconfig; name = "Pods-TaskManagerTests.debug.xcconfig"; path = "Target Support Files/Pods-TaskManagerTests/Pods-TaskManagerTests.debug.xcconfig"; sourceTree = "<group>"; };
		CDA4AB03C76C9171C57D7AFE /* Pods-TaskManager.debug.xcconfig */ = {isa = PBXFileReference; includeInIndex = 1; lastKnownFileType = text.xcconfig; name = "Pods-TaskManager.debug.xcconfig"; path = "Target Support Files/Pods-TaskManager/Pods-TaskManager.debug.xcconfig"; sourceTree = "<group>"; };
		CF1D768F2602128700175D04 /* WalkthroughContentViewController.swift */ = {isa = PBXFileReference; fileEncoding = 4; lastKnownFileType = sourcecode.swift; path = WalkthroughContentViewController.swift; sourceTree = "<group>"; };
		CF1D76902602128800175D04 /* WalkthroughPageViewController.swift */ = {isa = PBXFileReference; fileEncoding = 4; lastKnownFileType = sourcecode.swift; path = WalkthroughPageViewController.swift; sourceTree = "<group>"; };
		CF1D76912602128800175D04 /* WalkthroughViewController.swift */ = {isa = PBXFileReference; fileEncoding = 4; lastKnownFileType = sourcecode.swift; path = WalkthroughViewController.swift; sourceTree = "<group>"; };
/* End PBXFileReference section */

/* Begin PBXFrameworksBuildPhase section */
		8CF969BE25F921B700F53670 /* Frameworks */ = {
			isa = PBXFrameworksBuildPhase;
			buildActionMask = 2147483647;
			files = (
				F4BEC4CFA4E7FD234F37D829 /* Pods_TaskManager.framework in Frameworks */,
			);
			runOnlyForDeploymentPostprocessing = 0;
		};
		8CF969D425F921BA00F53670 /* Frameworks */ = {
			isa = PBXFrameworksBuildPhase;
			buildActionMask = 2147483647;
			files = (
				A981DA6C1471D8DA39891EF9 /* Pods_TaskManagerTests.framework in Frameworks */,
			);
			runOnlyForDeploymentPostprocessing = 0;
		};
		8CF969DF25F921BA00F53670 /* Frameworks */ = {
			isa = PBXFrameworksBuildPhase;
			buildActionMask = 2147483647;
			files = (
				9FEE1806F520871C1F24A3D5 /* Pods_TaskManager_TaskManagerUITests.framework in Frameworks */,
			);
			runOnlyForDeploymentPostprocessing = 0;
		};
/* End PBXFrameworksBuildPhase section */

/* Begin PBXGroup section */
		758705AD91EF9DD50ED107AF /* Pods */ = {
			isa = PBXGroup;
			children = (
				CDA4AB03C76C9171C57D7AFE /* Pods-TaskManager.debug.xcconfig */,
				A1356B951FA81437DA4F7BCD /* Pods-TaskManager.release.xcconfig */,
				0BE664D751672EB077AA66A8 /* Pods-TaskManager-TaskManagerUITests.debug.xcconfig */,
				9F297A2035474A133B7DF70B /* Pods-TaskManager-TaskManagerUITests.release.xcconfig */,
				CB7DC400E6D0F84F13044F46 /* Pods-TaskManagerTests.debug.xcconfig */,
				C66163CF0EC6FD4CC1F57BA3 /* Pods-TaskManagerTests.release.xcconfig */,
			);
			path = Pods;
			sourceTree = "<group>";
		};
		86C30294DA849FF32A19A1C6 /* Frameworks */ = {
			isa = PBXGroup;
			children = (
				3D8009AA14395A4F7193CBF1 /* Pods_TaskManager.framework */,
				52F0CCC0BF7023265BEA1128 /* Pods_TaskManager_TaskManagerUITests.framework */,
				A6D39DF15FC1DFF1133A1619 /* Pods_TaskManagerTests.framework */,
			);
			name = Frameworks;
			sourceTree = "<group>";
		};
		8CF969B825F921B700F53670 = {
			isa = PBXGroup;
			children = (
				8CF969C325F921B700F53670 /* TaskManager */,
				8CF969DA25F921BA00F53670 /* TaskManagerTests */,
				8CF969E525F921BA00F53670 /* TaskManagerUITests */,
				8CF969C225F921B700F53670 /* Products */,
				758705AD91EF9DD50ED107AF /* Pods */,
				86C30294DA849FF32A19A1C6 /* Frameworks */,
			);
			sourceTree = "<group>";
		};
		8CF969C225F921B700F53670 /* Products */ = {
			isa = PBXGroup;
			children = (
				8CF969C125F921B700F53670 /* TaskManager.app */,
				8CF969D725F921BA00F53670 /* TaskManagerTests.xctest */,
				8CF969E225F921BA00F53670 /* TaskManagerUITests.xctest */,
			);
			name = Products;
			sourceTree = "<group>";
		};
		8CF969C325F921B700F53670 /* TaskManager */ = {
			isa = PBXGroup;
			children = (
				CF1D768E2602126600175D04 /* onboard */,
				8CF969C425F921B700F53670 /* AppDelegate.swift */,
				8CF969C625F921B700F53670 /* SceneDelegate.swift */,
				8CC902D42601FCB8007C1119 /* IntroScreen.swift */,
				8CF969C825F921B700F53670 /* ViewController.swift */,
				8C90A03625FA2B5D00E0FBBA /* securityView.swift */,
				CF1D768026020DE800175D04 /* TaskView */,
				CF1D768126020E9700175D04 /* FavouriteTask */,
				CF1D768226020ECE00175D04 /* PendingTask */,
				CF1D768326020EE900175D04 /* CompletedTask */,
				CF1D768726020F3200175D04 /* SettingsView */,
				8CF969CA25F921B700F53670 /* Main.storyboard */,
				8CF969CD25F921BA00F53670 /* Assets.xcassets */,
				8CF969CF25F921BA00F53670 /* LaunchScreen.storyboard */,
				8CF969D225F921BA00F53670 /* Info.plist */,
				8C1193612600762D00E7AB35 /* UIViewController.swift */,
			);
			path = TaskManager;
			sourceTree = "<group>";
		};
		8CF969DA25F921BA00F53670 /* TaskManagerTests */ = {
			isa = PBXGroup;
			children = (
				8CF969DB25F921BA00F53670 /* TaskManagerTests.swift */,
				8CF969DD25F921BA00F53670 /* Info.plist */,
			);
			path = TaskManagerTests;
			sourceTree = "<group>";
		};
		8CF969E525F921BA00F53670 /* TaskManagerUITests */ = {
			isa = PBXGroup;
			children = (
				8CF969E625F921BA00F53670 /* TaskManagerUITests.swift */,
				8CF969E825F921BA00F53670 /* Info.plist */,
			);
			path = TaskManagerUITests;
			sourceTree = "<group>";
		};
		CF1D768026020DE800175D04 /* TaskView */ = {
			isa = PBXGroup;
			children = (
				8C90A03E25FA3A8100E0FBBA /* TaskViewController.swift */,
				8C90A04625FA488C00E0FBBA /* TaskViewCell.swift */,
			);
			path = TaskView;
			sourceTree = "<group>";
		};
		CF1D768126020E9700175D04 /* FavouriteTask */ = {
			isa = PBXGroup;
			children = (
				8C654F7D25FB2BC00079E544 /* FavouritesView.swift */,
				8C654F9525FB2C1E0079E544 /* FavouriteCell.swift */,
			);
			path = FavouriteTask;
			sourceTree = "<group>";
		};
		CF1D768226020ECE00175D04 /* PendingTask */ = {
			isa = PBXGroup;
			children = (
				8C654F8525FB2BF40079E544 /* PendingView.swift */,
				8C654F9D25FB2C310079E544 /* PendingCell.swift */,
			);
			path = PendingTask;
			sourceTree = "<group>";
		};
		CF1D768326020EE900175D04 /* CompletedTask */ = {
			isa = PBXGroup;
			children = (
				8C654F8D25FB2C080079E544 /* CompletedView.swift */,
				8C654FA525FB2C550079E544 /* CompletedCell.swift */,
			);
			path = CompletedTask;
			sourceTree = "<group>";
		};
		CF1D768726020F3200175D04 /* SettingsView */ = {
			isa = PBXGroup;
			children = (
				8CD6E4ED25FB8BAF0033F5D2 /* SettingsViewController.swift */,
				8CD6E4F525FBA31A0033F5D2 /* setfirstCell.swift */,
				8CD6E4FA25FBA3590033F5D2 /* setsecondCell.swift */,
				8CD6E4FF25FBA39D0033F5D2 /* setthirdCell.swift */,
				8CD6E50425FBA3CD0033F5D2 /* setfourthCell.swift */,
				8CD6E50925FBA4430033F5D2 /* setfifthCell.swift */,
			);
			path = SettingsView;
			sourceTree = "<group>";
		};
		CF1D768E2602126600175D04 /* onboard */ = {
			isa = PBXGroup;
			children = (
				CF1D768F2602128700175D04 /* WalkthroughContentViewController.swift */,
				CF1D76902602128800175D04 /* WalkthroughPageViewController.swift */,
				CF1D76912602128800175D04 /* WalkthroughViewController.swift */,
			);
			path = onboard;
			sourceTree = "<group>";
		};
/* End PBXGroup section */

/* Begin PBXNativeTarget section */
		8CF969C025F921B700F53670 /* TaskManager */ = {
			isa = PBXNativeTarget;
			buildConfigurationList = 8CF969EB25F921BA00F53670 /* Build configuration list for PBXNativeTarget "TaskManager" */;
			buildPhases = (
				CA3D0DB146FC4E94A397728F /* [CP] Check Pods Manifest.lock */,
				8CF969BD25F921B700F53670 /* Sources */,
				8CF969BE25F921B700F53670 /* Frameworks */,
				8CF969BF25F921B700F53670 /* Resources */,
				DC3816F852B336E07453A799 /* [CP] Embed Pods Frameworks */,
			);
			buildRules = (
			);
			dependencies = (
			);
			name = TaskManager;
			productName = TaskManager;
			productReference = 8CF969C125F921B700F53670 /* TaskManager.app */;
			productType = "com.apple.product-type.application";
		};
		8CF969D625F921BA00F53670 /* TaskManagerTests */ = {
			isa = PBXNativeTarget;
			buildConfigurationList = 8CF969EE25F921BA00F53670 /* Build configuration list for PBXNativeTarget "TaskManagerTests" */;
			buildPhases = (
				1417197492163350C61DE332 /* [CP] Check Pods Manifest.lock */,
				8CF969D325F921BA00F53670 /* Sources */,
				8CF969D425F921BA00F53670 /* Frameworks */,
				8CF969D525F921BA00F53670 /* Resources */,
			);
			buildRules = (
			);
			dependencies = (
				8CF969D925F921BA00F53670 /* PBXTargetDependency */,
			);
			name = TaskManagerTests;
			productName = TaskManagerTests;
			productReference = 8CF969D725F921BA00F53670 /* TaskManagerTests.xctest */;
			productType = "com.apple.product-type.bundle.unit-test";
		};
		8CF969E125F921BA00F53670 /* TaskManagerUITests */ = {
			isa = PBXNativeTarget;
			buildConfigurationList = 8CF969F125F921BA00F53670 /* Build configuration list for PBXNativeTarget "TaskManagerUITests" */;
			buildPhases = (
				428C3DB96988056F98731584 /* [CP] Check Pods Manifest.lock */,
				8CF969DE25F921BA00F53670 /* Sources */,
				8CF969DF25F921BA00F53670 /* Frameworks */,
				8CF969E025F921BA00F53670 /* Resources */,
				830D617671F93ABABDCB2883 /* [CP] Embed Pods Frameworks */,
			);
			buildRules = (
			);
			dependencies = (
				8CF969E425F921BA00F53670 /* PBXTargetDependency */,
			);
			name = TaskManagerUITests;
			productName = TaskManagerUITests;
			productReference = 8CF969E225F921BA00F53670 /* TaskManagerUITests.xctest */;
			productType = "com.apple.product-type.bundle.ui-testing";
		};
/* End PBXNativeTarget section */

/* Begin PBXProject section */
		8CF969B925F921B700F53670 /* Project object */ = {
			isa = PBXProject;
			attributes = {
				LastSwiftUpdateCheck = 1240;
				LastUpgradeCheck = 1240;
				TargetAttributes = {
					8CF969C025F921B700F53670 = {
						CreatedOnToolsVersion = 12.4;
					};
					8CF969D625F921BA00F53670 = {
						CreatedOnToolsVersion = 12.4;
						TestTargetID = 8CF969C025F921B700F53670;
					};
					8CF969E125F921BA00F53670 = {
						CreatedOnToolsVersion = 12.4;
						TestTargetID = 8CF969C025F921B700F53670;
					};
				};
			};
			buildConfigurationList = 8CF969BC25F921B700F53670 /* Build configuration list for PBXProject "TaskManager" */;
			compatibilityVersion = "Xcode 9.3";
			developmentRegion = en;
			hasScannedForEncodings = 0;
			knownRegions = (
				en,
				Base,
			);
			mainGroup = 8CF969B825F921B700F53670;
			productRefGroup = 8CF969C225F921B700F53670 /* Products */;
			projectDirPath = "";
			projectRoot = "";
			targets = (
				8CF969C025F921B700F53670 /* TaskManager */,
				8CF969D625F921BA00F53670 /* TaskManagerTests */,
				8CF969E125F921BA00F53670 /* TaskManagerUITests */,
			);
		};
/* End PBXProject section */

/* Begin PBXResourcesBuildPhase section */
		8CF969BF25F921B700F53670 /* Resources */ = {
			isa = PBXResourcesBuildPhase;
			buildActionMask = 2147483647;
			files = (
				8CF969D125F921BA00F53670 /* LaunchScreen.storyboard in Resources */,
				8CF969CE25F921BA00F53670 /* Assets.xcassets in Resources */,
				8CF969CC25F921B700F53670 /* Main.storyboard in Resources */,
			);
			runOnlyForDeploymentPostprocessing = 0;
		};
		8CF969D525F921BA00F53670 /* Resources */ = {
			isa = PBXResourcesBuildPhase;
			buildActionMask = 2147483647;
			files = (
			);
			runOnlyForDeploymentPostprocessing = 0;
		};
		8CF969E025F921BA00F53670 /* Resources */ = {
			isa = PBXResourcesBuildPhase;
			buildActionMask = 2147483647;
			files = (
			);
			runOnlyForDeploymentPostprocessing = 0;
		};
/* End PBXResourcesBuildPhase section */

/* Begin PBXShellScriptBuildPhase section */
		1417197492163350C61DE332 /* [CP] Check Pods Manifest.lock */ = {
			isa = PBXShellScriptBuildPhase;
			buildActionMask = 2147483647;
			files = (
			);
			inputFileListPaths = (
			);
			inputPaths = (
				"${PODS_PODFILE_DIR_PATH}/Podfile.lock",
				"${PODS_ROOT}/Manifest.lock",
			);
			name = "[CP] Check Pods Manifest.lock";
			outputFileListPaths = (
			);
			outputPaths = (
				"$(DERIVED_FILE_DIR)/Pods-TaskManagerTests-checkManifestLockResult.txt",
			);
			runOnlyForDeploymentPostprocessing = 0;
			shellPath = /bin/sh;
			shellScript = "diff \"${PODS_PODFILE_DIR_PATH}/Podfile.lock\" \"${PODS_ROOT}/Manifest.lock\" > /dev/null\nif [ $? != 0 ] ; then\n    # print error to STDERR\n    echo \"error: The sandbox is not in sync with the Podfile.lock. Run 'pod install' or update your CocoaPods installation.\" >&2\n    exit 1\nfi\n# This output is used by Xcode 'outputs' to avoid re-running this script phase.\necho \"SUCCESS\" > \"${SCRIPT_OUTPUT_FILE_0}\"\n";
			showEnvVarsInLog = 0;
		};
		428C3DB96988056F98731584 /* [CP] Check Pods Manifest.lock */ = {
			isa = PBXShellScriptBuildPhase;
			buildActionMask = 2147483647;
			files = (
			);
			inputFileListPaths = (
			);
			inputPaths = (
				"${PODS_PODFILE_DIR_PATH}/Podfile.lock",
				"${PODS_ROOT}/Manifest.lock",
			);
			name = "[CP] Check Pods Manifest.lock";
			outputFileListPaths = (
			);
			outputPaths = (
				"$(DERIVED_FILE_DIR)/Pods-TaskManager-TaskManagerUITests-checkManifestLockResult.txt",
			);
			runOnlyForDeploymentPostprocessing = 0;
			shellPath = /bin/sh;
			shellScript = "diff \"${PODS_PODFILE_DIR_PATH}/Podfile.lock\" \"${PODS_ROOT}/Manifest.lock\" > /dev/null\nif [ $? != 0 ] ; then\n    # print error to STDERR\n    echo \"error: The sandbox is not in sync with the Podfile.lock. Run 'pod install' or update your CocoaPods installation.\" >&2\n    exit 1\nfi\n# This output is used by Xcode 'outputs' to avoid re-running this script phase.\necho \"SUCCESS\" > \"${SCRIPT_OUTPUT_FILE_0}\"\n";
			showEnvVarsInLog = 0;
		};
		830D617671F93ABABDCB2883 /* [CP] Embed Pods Frameworks */ = {
			isa = PBXShellScriptBuildPhase;
			buildActionMask = 2147483647;
			files = (
			);
			inputFileListPaths = (
				"${PODS_ROOT}/Target Support Files/Pods-TaskManager-TaskManagerUITests/Pods-TaskManager-TaskManagerUITests-frameworks-${CONFIGURATION}-input-files.xcfilelist",
			);
			name = "[CP] Embed Pods Frameworks";
			outputFileListPaths = (
				"${PODS_ROOT}/Target Support Files/Pods-TaskManager-TaskManagerUITests/Pods-TaskManager-TaskManagerUITests-frameworks-${CONFIGURATION}-output-files.xcfilelist",
			);
			runOnlyForDeploymentPostprocessing = 0;
			shellPath = /bin/sh;
			shellScript = "\"${PODS_ROOT}/Target Support Files/Pods-TaskManager-TaskManagerUITests/Pods-TaskManager-TaskManagerUITests-frameworks.sh\"\n";
			showEnvVarsInLog = 0;
		};
		CA3D0DB146FC4E94A397728F /* [CP] Check Pods Manifest.lock */ = {
			isa = PBXShellScriptBuildPhase;
			buildActionMask = 2147483647;
			files = (
			);
			inputFileListPaths = (
			);
			inputPaths = (
				"${PODS_PODFILE_DIR_PATH}/Podfile.lock",
				"${PODS_ROOT}/Manifest.lock",
			);
			name = "[CP] Check Pods Manifest.lock";
			outputFileListPaths = (
			);
			outputPaths = (
				"$(DERIVED_FILE_DIR)/Pods-TaskManager-checkManifestLockResult.txt",
			);
			runOnlyForDeploymentPostprocessing = 0;
			shellPath = /bin/sh;
			shellScript = "diff \"${PODS_PODFILE_DIR_PATH}/Podfile.lock\" \"${PODS_ROOT}/Manifest.lock\" > /dev/null\nif [ $? != 0 ] ; then\n    # print error to STDERR\n    echo \"error: The sandbox is not in sync with the Podfile.lock. Run 'pod install' or update your CocoaPods installation.\" >&2\n    exit 1\nfi\n# This output is used by Xcode 'outputs' to avoid re-running this script phase.\necho \"SUCCESS\" > \"${SCRIPT_OUTPUT_FILE_0}\"\n";
			showEnvVarsInLog = 0;
		};
		DC3816F852B336E07453A799 /* [CP] Embed Pods Frameworks */ = {
			isa = PBXShellScriptBuildPhase;
			buildActionMask = 2147483647;
			files = (
			);
			inputFileListPaths = (
				"${PODS_ROOT}/Target Support Files/Pods-TaskManager/Pods-TaskManager-frameworks-${CONFIGURATION}-input-files.xcfilelist",
			);
			name = "[CP] Embed Pods Frameworks";
			outputFileListPaths = (
				"${PODS_ROOT}/Target Support Files/Pods-TaskManager/Pods-TaskManager-frameworks-${CONFIGURATION}-output-files.xcfilelist",
			);
			runOnlyForDeploymentPostprocessing = 0;
			shellPath = /bin/sh;
			shellScript = "\"${PODS_ROOT}/Target Support Files/Pods-TaskManager/Pods-TaskManager-frameworks.sh\"\n";
			showEnvVarsInLog = 0;
		};
/* End PBXShellScriptBuildPhase section */

/* Begin PBXSourcesBuildPhase section */
		8CF969BD25F921B700F53670 /* Sources */ = {
			isa = PBXSourcesBuildPhase;
			buildActionMask = 2147483647;
			files = (
				8CC902D52601FCB8007C1119 /* IntroScreen.swift in Sources */,
				8CF969C925F921B700F53670 /* ViewController.swift in Sources */,
				8C90A03F25FA3A8100E0FBBA /* TaskViewController.swift in Sources */,
				8CD6E50A25FBA4430033F5D2 /* setfifthCell.swift in Sources */,
				CF1D76932602128800175D04 /* WalkthroughPageViewController.swift in Sources */,
				8C1193622600762D00E7AB35 /* UIViewController.swift in Sources */,
				8C654F9E25FB2C310079E544 /* PendingCell.swift in Sources */,
				8C90A04725FA488C00E0FBBA /* TaskViewCell.swift in Sources */,
				8CD6E50025FBA39D0033F5D2 /* setthirdCell.swift in Sources */,
				8C90A03725FA2B5D00E0FBBA /* securityView.swift in Sources */,
				CF1D76922602128800175D04 /* WalkthroughContentViewController.swift in Sources */,
				8C654F8625FB2BF40079E544 /* PendingView.swift in Sources */,
				8C654F9625FB2C1E0079E544 /* FavouriteCell.swift in Sources */,
				8C654F8E25FB2C080079E544 /* CompletedView.swift in Sources */,
				8CF969C525F921B700F53670 /* AppDelegate.swift in Sources */,
				8C654F7E25FB2BC00079E544 /* FavouritesView.swift in Sources */,
				8CD6E50525FBA3CD0033F5D2 /* setfourthCell.swift in Sources */,
				8CD6E4EE25FB8BAF0033F5D2 /* SettingsViewController.swift in Sources */,
				8CD6E4F625FBA31A0033F5D2 /* setfirstCell.swift in Sources */,
				8CF969C725F921B700F53670 /* SceneDelegate.swift in Sources */,
				8CD6E4FB25FBA3590033F5D2 /* setsecondCell.swift in Sources */,
				CF1D76942602128800175D04 /* WalkthroughViewController.swift in Sources */,
				8C654FA625FB2C550079E544 /* CompletedCell.swift in Sources */,
			);
			runOnlyForDeploymentPostprocessing = 0;
		};
		8CF969D325F921BA00F53670 /* Sources */ = {
			isa = PBXSourcesBuildPhase;
			buildActionMask = 2147483647;
			files = (
				8CF969DC25F921BA00F53670 /* TaskManagerTests.swift in Sources */,
			);
			runOnlyForDeploymentPostprocessing = 0;
		};
		8CF969DE25F921BA00F53670 /* Sources */ = {
			isa = PBXSourcesBuildPhase;
			buildActionMask = 2147483647;
			files = (
				8CF969E725F921BA00F53670 /* TaskManagerUITests.swift in Sources */,
			);
			runOnlyForDeploymentPostprocessing = 0;
		};
/* End PBXSourcesBuildPhase section */

/* Begin PBXTargetDependency section */
		8CF969D925F921BA00F53670 /* PBXTargetDependency */ = {
			isa = PBXTargetDependency;
			target = 8CF969C025F921B700F53670 /* TaskManager */;
			targetProxy = 8CF969D825F921BA00F53670 /* PBXContainerItemProxy */;
		};
		8CF969E425F921BA00F53670 /* PBXTargetDependency */ = {
			isa = PBXTargetDependency;
			target = 8CF969C025F921B700F53670 /* TaskManager */;
			targetProxy = 8CF969E325F921BA00F53670 /* PBXContainerItemProxy */;
		};
/* End PBXTargetDependency section */

/* Begin PBXVariantGroup section */
		8CF969CA25F921B700F53670 /* Main.storyboard */ = {
			isa = PBXVariantGroup;
			children = (
				8CF969CB25F921B700F53670 /* Base */,
			);
			name = Main.storyboard;
			sourceTree = "<group>";
		};
		8CF969CF25F921BA00F53670 /* LaunchScreen.storyboard */ = {
			isa = PBXVariantGroup;
			children = (
				8CF969D025F921BA00F53670 /* Base */,
			);
			name = LaunchScreen.storyboard;
			sourceTree = "<group>";
		};
/* End PBXVariantGroup section */

/* Begin XCBuildConfiguration section */
		8CF969E925F921BA00F53670 /* Debug */ = {
			isa = XCBuildConfiguration;
			buildSettings = {
				ALWAYS_SEARCH_USER_PATHS = NO;
				CLANG_ANALYZER_NONNULL = YES;
				CLANG_ANALYZER_NUMBER_OBJECT_CONVERSION = YES_AGGRESSIVE;
				CLANG_CXX_LANGUAGE_STANDARD = "gnu++14";
				CLANG_CXX_LIBRARY = "libc++";
				CLANG_ENABLE_MODULES = YES;
				CLANG_ENABLE_OBJC_ARC = YES;
				CLANG_ENABLE_OBJC_WEAK = YES;
				CLANG_WARN_BLOCK_CAPTURE_AUTORELEASING = YES;
				CLANG_WARN_BOOL_CONVERSION = YES;
				CLANG_WARN_COMMA = YES;
				CLANG_WARN_CONSTANT_CONVERSION = YES;
				CLANG_WARN_DEPRECATED_OBJC_IMPLEMENTATIONS = YES;
				CLANG_WARN_DIRECT_OBJC_ISA_USAGE = YES_ERROR;
				CLANG_WARN_DOCUMENTATION_COMMENTS = YES;
				CLANG_WARN_EMPTY_BODY = YES;
				CLANG_WARN_ENUM_CONVERSION = YES;
				CLANG_WARN_INFINITE_RECURSION = YES;
				CLANG_WARN_INT_CONVERSION = YES;
				CLANG_WARN_NON_LITERAL_NULL_CONVERSION = YES;
				CLANG_WARN_OBJC_IMPLICIT_RETAIN_SELF = YES;
				CLANG_WARN_OBJC_LITERAL_CONVERSION = YES;
				CLANG_WARN_OBJC_ROOT_CLASS = YES_ERROR;
				CLANG_WARN_QUOTED_INCLUDE_IN_FRAMEWORK_HEADER = YES;
				CLANG_WARN_RANGE_LOOP_ANALYSIS = YES;
				CLANG_WARN_STRICT_PROTOTYPES = YES;
				CLANG_WARN_SUSPICIOUS_MOVE = YES;
				CLANG_WARN_UNGUARDED_AVAILABILITY = YES_AGGRESSIVE;
				CLANG_WARN_UNREACHABLE_CODE = YES;
				CLANG_WARN__DUPLICATE_METHOD_MATCH = YES;
				COPY_PHASE_STRIP = NO;
				DEBUG_INFORMATION_FORMAT = dwarf;
				ENABLE_STRICT_OBJC_MSGSEND = YES;
				ENABLE_TESTABILITY = YES;
				GCC_C_LANGUAGE_STANDARD = gnu11;
				GCC_DYNAMIC_NO_PIC = NO;
				GCC_NO_COMMON_BLOCKS = YES;
				GCC_OPTIMIZATION_LEVEL = 0;
				GCC_PREPROCESSOR_DEFINITIONS = (
					"DEBUG=1",
					"$(inherited)",
				);
				GCC_WARN_64_TO_32_BIT_CONVERSION = YES;
				GCC_WARN_ABOUT_RETURN_TYPE = YES_ERROR;
				GCC_WARN_UNDECLARED_SELECTOR = YES;
				GCC_WARN_UNINITIALIZED_AUTOS = YES_AGGRESSIVE;
				GCC_WARN_UNUSED_FUNCTION = YES;
				GCC_WARN_UNUSED_VARIABLE = YES;
				IPHONEOS_DEPLOYMENT_TARGET = 14.4;
				MTL_ENABLE_DEBUG_INFO = INCLUDE_SOURCE;
				MTL_FAST_MATH = YES;
				ONLY_ACTIVE_ARCH = YES;
				SDKROOT = iphoneos;
				SWIFT_ACTIVE_COMPILATION_CONDITIONS = DEBUG;
				SWIFT_OPTIMIZATION_LEVEL = "-Onone";
			};
			name = Debug;
		};
		8CF969EA25F921BA00F53670 /* Release */ = {
			isa = XCBuildConfiguration;
			buildSettings = {
				ALWAYS_SEARCH_USER_PATHS = NO;
				CLANG_ANALYZER_NONNULL = YES;
				CLANG_ANALYZER_NUMBER_OBJECT_CONVERSION = YES_AGGRESSIVE;
				CLANG_CXX_LANGUAGE_STANDARD = "gnu++14";
				CLANG_CXX_LIBRARY = "libc++";
				CLANG_ENABLE_MODULES = YES;
				CLANG_ENABLE_OBJC_ARC = YES;
				CLANG_ENABLE_OBJC_WEAK = YES;
				CLANG_WARN_BLOCK_CAPTURE_AUTORELEASING = YES;
				CLANG_WARN_BOOL_CONVERSION = YES;
				CLANG_WARN_COMMA = YES;
				CLANG_WARN_CONSTANT_CONVERSION = YES;
				CLANG_WARN_DEPRECATED_OBJC_IMPLEMENTATIONS = YES;
				CLANG_WARN_DIRECT_OBJC_ISA_USAGE = YES_ERROR;
				CLANG_WARN_DOCUMENTATION_COMMENTS = YES;
				CLANG_WARN_EMPTY_BODY = YES;
				CLANG_WARN_ENUM_CONVERSION = YES;
				CLANG_WARN_INFINITE_RECURSION = YES;
				CLANG_WARN_INT_CONVERSION = YES;
				CLANG_WARN_NON_LITERAL_NULL_CONVERSION = YES;
				CLANG_WARN_OBJC_IMPLICIT_RETAIN_SELF = YES;
				CLANG_WARN_OBJC_LITERAL_CONVERSION = YES;
				CLANG_WARN_OBJC_ROOT_CLASS = YES_ERROR;
				CLANG_WARN_QUOTED_INCLUDE_IN_FRAMEWORK_HEADER = YES;
				CLANG_WARN_RANGE_LOOP_ANALYSIS = YES;
				CLANG_WARN_STRICT_PROTOTYPES = YES;
				CLANG_WARN_SUSPICIOUS_MOVE = YES;
				CLANG_WARN_UNGUARDED_AVAILABILITY = YES_AGGRESSIVE;
				CLANG_WARN_UNREACHABLE_CODE = YES;
				CLANG_WARN__DUPLICATE_METHOD_MATCH = YES;
				COPY_PHASE_STRIP = NO;
				DEBUG_INFORMATION_FORMAT = "dwarf-with-dsym";
				ENABLE_NS_ASSERTIONS = NO;
				ENABLE_STRICT_OBJC_MSGSEND = YES;
				GCC_C_LANGUAGE_STANDARD = gnu11;
				GCC_NO_COMMON_BLOCKS = YES;
				GCC_WARN_64_TO_32_BIT_CONVERSION = YES;
				GCC_WARN_ABOUT_RETURN_TYPE = YES_ERROR;
				GCC_WARN_UNDECLARED_SELECTOR = YES;
				GCC_WARN_UNINITIALIZED_AUTOS = YES_AGGRESSIVE;
				GCC_WARN_UNUSED_FUNCTION = YES;
				GCC_WARN_UNUSED_VARIABLE = YES;
				IPHONEOS_DEPLOYMENT_TARGET = 14.4;
				MTL_ENABLE_DEBUG_INFO = NO;
				MTL_FAST_MATH = YES;
				SDKROOT = iphoneos;
				SWIFT_COMPILATION_MODE = wholemodule;
				SWIFT_OPTIMIZATION_LEVEL = "-O";
				VALIDATE_PRODUCT = YES;
			};
			name = Release;
		};
		8CF969EC25F921BA00F53670 /* Debug */ = {
			isa = XCBuildConfiguration;
			baseConfigurationReference = CDA4AB03C76C9171C57D7AFE /* Pods-TaskManager.debug.xcconfig */;
			buildSettings = {
				ASSETCATALOG_COMPILER_APPICON_NAME = AppIcon;
				ASSETCATALOG_COMPILER_GLOBAL_ACCENT_COLOR_NAME = AccentColor;
				CODE_SIGN_STYLE = Automatic;
				INFOPLIST_FILE = TaskManager/Info.plist;
				LD_RUNPATH_SEARCH_PATHS = (
					"$(inherited)",
					"@executable_path/Frameworks",
				);
				PRODUCT_BUNDLE_IDENTIFIER = Macapp.TaskManager;
				PRODUCT_NAME = "$(TARGET_NAME)";
				SWIFT_VERSION = 5.0;
				TARGETED_DEVICE_FAMILY = "1,2";
			};
			name = Debug;
		};
		8CF969ED25F921BA00F53670 /* Release */ = {
			isa = XCBuildConfiguration;
			baseConfigurationReference = A1356B951FA81437DA4F7BCD /* Pods-TaskManager.release.xcconfig */;
			buildSettings = {
				ASSETCATALOG_COMPILER_APPICON_NAME = AppIcon;
				ASSETCATALOG_COMPILER_GLOBAL_ACCENT_COLOR_NAME = AccentColor;
				CODE_SIGN_STYLE = Automatic;
				INFOPLIST_FILE = TaskManager/Info.plist;
				LD_RUNPATH_SEARCH_PATHS = (
					"$(inherited)",
					"@executable_path/Frameworks",
				);
				PRODUCT_BUNDLE_IDENTIFIER = Macapp.TaskManager;
				PRODUCT_NAME = "$(TARGET_NAME)";
				SWIFT_VERSION = 5.0;
				TARGETED_DEVICE_FAMILY = "1,2";
			};
			name = Release;
		};
		8CF969EF25F921BA00F53670 /* Debug */ = {
			isa = XCBuildConfiguration;
			baseConfigurationReference = CB7DC400E6D0F84F13044F46 /* Pods-TaskManagerTests.debug.xcconfig */;
			buildSettings = {
				ALWAYS_EMBED_SWIFT_STANDARD_LIBRARIES = YES;
				BUNDLE_LOADER = "$(TEST_HOST)";
				CODE_SIGN_STYLE = Automatic;
				INFOPLIST_FILE = TaskManagerTests/Info.plist;
				IPHONEOS_DEPLOYMENT_TARGET = 14.4;
				LD_RUNPATH_SEARCH_PATHS = (
					"$(inherited)",
					"@executable_path/Frameworks",
					"@loader_path/Frameworks",
				);
				PRODUCT_BUNDLE_IDENTIFIER = Macapp.TaskManagerTests;
				PRODUCT_NAME = "$(TARGET_NAME)";
				SWIFT_VERSION = 5.0;
				TARGETED_DEVICE_FAMILY = "1,2";
				TEST_HOST = "$(BUILT_PRODUCTS_DIR)/TaskManager.app/TaskManager";
			};
			name = Debug;
		};
		8CF969F025F921BA00F53670 /* Release */ = {
			isa = XCBuildConfiguration;
			baseConfigurationReference = C66163CF0EC6FD4CC1F57BA3 /* Pods-TaskManagerTests.release.xcconfig */;
			buildSettings = {
				ALWAYS_EMBED_SWIFT_STANDARD_LIBRARIES = YES;
				BUNDLE_LOADER = "$(TEST_HOST)";
				CODE_SIGN_STYLE = Automatic;
				INFOPLIST_FILE = TaskManagerTests/Info.plist;
				IPHONEOS_DEPLOYMENT_TARGET = 14.4;
				LD_RUNPATH_SEARCH_PATHS = (
					"$(inherited)",
					"@executable_path/Frameworks",
					"@loader_path/Frameworks",
				);
				PRODUCT_BUNDLE_IDENTIFIER = Macapp.TaskManagerTests;
				PRODUCT_NAME = "$(TARGET_NAME)";
				SWIFT_VERSION = 5.0;
				TARGETED_DEVICE_FAMILY = "1,2";
				TEST_HOST = "$(BUILT_PRODUCTS_DIR)/TaskManager.app/TaskManager";
			};
			name = Release;
		};
		8CF969F225F921BA00F53670 /* Debug */ = {
			isa = XCBuildConfiguration;
			baseConfigurationReference = 0BE664D751672EB077AA66A8 /* Pods-TaskManager-TaskManagerUITests.debug.xcconfig */;
			buildSettings = {
				ALWAYS_EMBED_SWIFT_STANDARD_LIBRARIES = YES;
				CODE_SIGN_STYLE = Automatic;
				INFOPLIST_FILE = TaskManagerUITests/Info.plist;
				LD_RUNPATH_SEARCH_PATHS = (
					"$(inherited)",
					"@executable_path/Frameworks",
					"@loader_path/Frameworks",
				);
				PRODUCT_BUNDLE_IDENTIFIER = Macapp.TaskManagerUITests;
				PRODUCT_NAME = "$(TARGET_NAME)";
				SWIFT_VERSION = 5.0;
				TARGETED_DEVICE_FAMILY = "1,2";
				TEST_TARGET_NAME = TaskManager;
			};
			name = Debug;
		};
		8CF969F325F921BA00F53670 /* Release */ = {
			isa = XCBuildConfiguration;
			baseConfigurationReference = 9F297A2035474A133B7DF70B /* Pods-TaskManager-TaskManagerUITests.release.xcconfig */;
			buildSettings = {
				ALWAYS_EMBED_SWIFT_STANDARD_LIBRARIES = YES;
				CODE_SIGN_STYLE = Automatic;
				INFOPLIST_FILE = TaskManagerUITests/Info.plist;
				LD_RUNPATH_SEARCH_PATHS = (
					"$(inherited)",
					"@executable_path/Frameworks",
					"@loader_path/Frameworks",
				);
				PRODUCT_BUNDLE_IDENTIFIER = Macapp.TaskManagerUITests;
				PRODUCT_NAME = "$(TARGET_NAME)";
				SWIFT_VERSION = 5.0;
				TARGETED_DEVICE_FAMILY = "1,2";
				TEST_TARGET_NAME = TaskManager;
			};
			name = Release;
		};
/* End XCBuildConfiguration section */

/* Begin XCConfigurationList section */
		8CF969BC25F921B700F53670 /* Build configuration list for PBXProject "TaskManager" */ = {
			isa = XCConfigurationList;
			buildConfigurations = (
				8CF969E925F921BA00F53670 /* Debug */,
				8CF969EA25F921BA00F53670 /* Release */,
			);
			defaultConfigurationIsVisible = 0;
			defaultConfigurationName = Release;
		};
		8CF969EB25F921BA00F53670 /* Build configuration list for PBXNativeTarget "TaskManager" */ = {
			isa = XCConfigurationList;
			buildConfigurations = (
				8CF969EC25F921BA00F53670 /* Debug */,
				8CF969ED25F921BA00F53670 /* Release */,
			);
			defaultConfigurationIsVisible = 0;
			defaultConfigurationName = Release;
		};
		8CF969EE25F921BA00F53670 /* Build configuration list for PBXNativeTarget "TaskManagerTests" */ = {
			isa = XCConfigurationList;
			buildConfigurations = (
				8CF969EF25F921BA00F53670 /* Debug */,
				8CF969F025F921BA00F53670 /* Release */,
			);
			defaultConfigurationIsVisible = 0;
			defaultConfigurationName = Release;
		};
		8CF969F125F921BA00F53670 /* Build configuration list for PBXNativeTarget "TaskManagerUITests" */ = {
			isa = XCConfigurationList;
			buildConfigurations = (
				8CF969F225F921BA00F53670 /* Debug */,
				8CF969F325F921BA00F53670 /* Release */,
			);
			defaultConfigurationIsVisible = 0;
			defaultConfigurationName = Release;
		};
/* End XCConfigurationList section */
	};
	rootObject = 8CF969B925F921B700F53670 /* Project object */;
}
